
Microsoft Visual Studio Solution File, Format Version 12.00
# Visual Studio Version 16
VisualStudioVersion = 16.0.31424.327
MinimumVisualStudioVersion = 10.0.40219.1
Project("{FAE04EC0-301F-11D3-BF4B-00C04F79EFBC}") = "Backend", "Backend\Backend.csproj", "{B0416E43-A37A-4A5D-AA8E-17D20679FCD7}"
EndProject
Project("{FAE04EC0-301F-11D3-BF4B-00C04F79EFBC}") = "Core", "Core\Core.csproj", "{78074E1C-A621-445C-963C-C7866232C7D3}"
EndProject
Project("{2150E333-8FDC-42A3-9474-1A3956D46DE8}") = "Solution Items", "Solution Items", "{8BCF475A-9648-4D7A-B045-F4A6C604B176}"
	ProjectSection(SolutionItems) = preProject
		.editorconfig = .editorconfig
	EndProjectSection
EndProject
Global
	GlobalSection(SolutionConfigurationPlatforms) = preSolution
		Debug|Any CPU = Debug|Any CPU
		Release|Any CPU = Release|Any CPU
	EndGlobalSection
	GlobalSection(ProjectConfigurationPlatforms) = postSolution
		{B0416E43-A37A-4A5D-AA8E-17D20679FCD7}.Debug|Any CPU.ActiveCfg = Debug|Any CPU
		{B0416E43-A37A-4A5D-AA8E-17D20679FCD7}.Debug|Any CPU.Build.0 = Debug|Any CPU
		{B0416E43-A37A-4A5D-AA8E-17D20679FCD7}.Release|Any CPU.ActiveCfg = Release|Any CPU
		{B0416E43-A37A-4A5D-AA8E-17D20679FCD7}.Release|Any CPU.Build.0 = Release|Any CPU
		{78074E1C-A621-445C-963C-C7866232C7D3}.Debug|Any CPU.ActiveCfg = Debug|Any CPU
		{78074E1C-A621-445C-963C-C7866232C7D3}.Debug|Any CPU.Build.0 = Debug|Any CPU
		{78074E1C-A621-445C-963C-C7866232C7D3}.Release|Any CPU.ActiveCfg = Release|Any CPU
		{78074E1C-A621-445C-963C-C7866232C7D3}.Release|Any CPU.Build.0 = Release|Any CPU
	EndGlobalSection
	GlobalSection(SolutionProperties) = preSolution
		HideSolutionNode = FALSE
	EndGlobalSection
	GlobalSection(ExtensibilityGlobals) = postSolution
		SolutionGuid = {45A2D6D4-9778-449E-9E04-B3CAF9BB15E1}
	EndGlobalSection
EndGlobal
